
Microsoft Visual Studio Solution File, Format Version 12.00
# Visual Studio Version 17
VisualStudioVersion = 17.5.33530.505
MinimumVisualStudioVersion = 10.0.40219.1
Project("{2150E333-8FDC-42A3-9474-1A3956D46DE8}") = "src", "src", "{7673C6BF-414E-4F80-8F88-C4F1F5F379E7}"
EndProject
Project("{2150E333-8FDC-42A3-9474-1A3956D46DE8}") = "tests", "tests", "{C321AFEB-A037-43BE-BD6F-6DCF9AD96186}"
EndProject
Project("{2150E333-8FDC-42A3-9474-1A3956D46DE8}") = "Solution Items", "Solution Items", "{4CEEF330-70B3-4088-9487-A72D2ACA703C}"
	ProjectSection(SolutionItems) = preProject
		.editorconfig = .editorconfig
		.gitignore = .gitignore
		CODE_OF_CONDUCT.md = CODE_OF_CONDUCT.md
		DDS.Tools.sln.licenseheader = DDS.Tools.sln.licenseheader
		Directory.Build.props = Directory.Build.props
		Directory.Packages.props = Directory.Packages.props
		LICENSE = LICENSE
		README.md = README.md
	EndProjectSection
EndProject
Project("{9A19103F-16F7-4668-BE54-9A1E7A4F7556}") = "DDS.Tools", "src\DDS.Tools\DDS.Tools.csproj", "{7411B603-3D63-4540-9162-CE460B25FF4F}"
EndProject
Project("{9A19103F-16F7-4668-BE54-9A1E7A4F7556}") = "DDS.ToolsTests", "tests\DDS.ToolsTests\DDS.ToolsTests.csproj", "{C1ADCA2E-CB4B-4A80-829D-EAFC4479D9EE}"
EndProject
Global
	GlobalSection(SolutionConfigurationPlatforms) = preSolution
		Debug|Any CPU = Debug|Any CPU
		Release|Any CPU = Release|Any CPU
	EndGlobalSection
	GlobalSection(ProjectConfigurationPlatforms) = postSolution
		{7411B603-3D63-4540-9162-CE460B25FF4F}.Debug|Any CPU.ActiveCfg = Debug|Any CPU
		{7411B603-3D63-4540-9162-CE460B25FF4F}.Debug|Any CPU.Build.0 = Debug|Any CPU
		{7411B603-3D63-4540-9162-CE460B25FF4F}.Release|Any CPU.ActiveCfg = Release|Any CPU
		{7411B603-3D63-4540-9162-CE460B25FF4F}.Release|Any CPU.Build.0 = Release|Any CPU
		{C1ADCA2E-CB4B-4A80-829D-EAFC4479D9EE}.Debug|Any CPU.ActiveCfg = Debug|Any CPU
		{C1ADCA2E-CB4B-4A80-829D-EAFC4479D9EE}.Debug|Any CPU.Build.0 = Debug|Any CPU
		{C1ADCA2E-CB4B-4A80-829D-EAFC4479D9EE}.Release|Any CPU.ActiveCfg = Release|Any CPU
		{C1ADCA2E-CB4B-4A80-829D-EAFC4479D9EE}.Release|Any CPU.Build.0 = Release|Any CPU
	EndGlobalSection
	GlobalSection(SolutionProperties) = preSolution
		HideSolutionNode = FALSE
	EndGlobalSection
	GlobalSection(NestedProjects) = preSolution
		{7411B603-3D63-4540-9162-CE460B25FF4F} = {7673C6BF-414E-4F80-8F88-C4F1F5F379E7}
		{C1ADCA2E-CB4B-4A80-829D-EAFC4479D9EE} = {C321AFEB-A037-43BE-BD6F-6DCF9AD96186}
	EndGlobalSection
	GlobalSection(ExtensibilityGlobals) = postSolution
		SolutionGuid = {265C5FBE-91B4-42C2-9B45-E0E3E39D57AB}
	EndGlobalSection
EndGlobal
