
Microsoft Visual Studio Solution File, Format Version 12.00
# Visual Studio Version 17
VisualStudioVersion = 17.5.33530.505
MinimumVisualStudioVersion = 10.0.40219.1
Project("{9A19103F-16F7-4668-BE54-9A1E7A4F7556}") = "DDS2PNG", "src\DDS2PNG\DDS2PNG.csproj", "{1F25FA53-214A-4413-962A-3604177D51FE}"
EndProject
Project("{9A19103F-16F7-4668-BE54-9A1E7A4F7556}") = "PNG2DDS", "src\PNG2DDS\PNG2DDS.csproj", "{AD2AD43A-F396-40E2-97DF-24B1D73E5C7F}"
EndProject
Project("{2150E333-8FDC-42A3-9474-1A3956D46DE8}") = "src", "src", "{7673C6BF-414E-4F80-8F88-C4F1F5F379E7}"
EndProject
Project("{2150E333-8FDC-42A3-9474-1A3956D46DE8}") = "tests", "tests", "{C321AFEB-A037-43BE-BD6F-6DCF9AD96186}"
EndProject
Project("{2150E333-8FDC-42A3-9474-1A3956D46DE8}") = "misc", "misc", "{5D301C99-C23C-4E25-AC9C-33CB8471C160}"
	ProjectSection(SolutionItems) = preProject
		Directory.Build.props = Directory.Build.props
		LICENSE = LICENSE
	EndProjectSection
EndProject
Project("{9A19103F-16F7-4668-BE54-9A1E7A4F7556}") = "Shared.Library", "src\Shared.Library\Shared.Library.csproj", "{4FF1B72F-12F5-4EA8-A7C3-91322BE8ACD0}"
EndProject
Global
	GlobalSection(SolutionConfigurationPlatforms) = preSolution
		Debug|x64 = Debug|x64
		Release|x64 = Release|x64
	EndGlobalSection
	GlobalSection(ProjectConfigurationPlatforms) = postSolution
		{1F25FA53-214A-4413-962A-3604177D51FE}.Debug|x64.ActiveCfg = Debug|x64
		{1F25FA53-214A-4413-962A-3604177D51FE}.Debug|x64.Build.0 = Debug|x64
		{1F25FA53-214A-4413-962A-3604177D51FE}.Release|x64.ActiveCfg = Release|x64
		{1F25FA53-214A-4413-962A-3604177D51FE}.Release|x64.Build.0 = Release|x64
		{AD2AD43A-F396-40E2-97DF-24B1D73E5C7F}.Debug|x64.ActiveCfg = Debug|x64
		{AD2AD43A-F396-40E2-97DF-24B1D73E5C7F}.Debug|x64.Build.0 = Debug|x64
		{AD2AD43A-F396-40E2-97DF-24B1D73E5C7F}.Release|x64.ActiveCfg = Release|x64
		{AD2AD43A-F396-40E2-97DF-24B1D73E5C7F}.Release|x64.Build.0 = Release|x64
		{4FF1B72F-12F5-4EA8-A7C3-91322BE8ACD0}.Debug|x64.ActiveCfg = Debug|x64
		{4FF1B72F-12F5-4EA8-A7C3-91322BE8ACD0}.Debug|x64.Build.0 = Debug|x64
		{4FF1B72F-12F5-4EA8-A7C3-91322BE8ACD0}.Release|x64.ActiveCfg = Release|x64
		{4FF1B72F-12F5-4EA8-A7C3-91322BE8ACD0}.Release|x64.Build.0 = Release|x64
	EndGlobalSection
	GlobalSection(SolutionProperties) = preSolution
		HideSolutionNode = FALSE
	EndGlobalSection
	GlobalSection(NestedProjects) = preSolution
		{1F25FA53-214A-4413-962A-3604177D51FE} = {7673C6BF-414E-4F80-8F88-C4F1F5F379E7}
		{AD2AD43A-F396-40E2-97DF-24B1D73E5C7F} = {7673C6BF-414E-4F80-8F88-C4F1F5F379E7}
		{4FF1B72F-12F5-4EA8-A7C3-91322BE8ACD0} = {7673C6BF-414E-4F80-8F88-C4F1F5F379E7}
	EndGlobalSection
	GlobalSection(ExtensibilityGlobals) = postSolution
		SolutionGuid = {265C5FBE-91B4-42C2-9B45-E0E3E39D57AB}
	EndGlobalSection
EndGlobal
